
Microsoft Visual Studio Solution File, Format Version 12.00
# Visual Studio Version 17
VisualStudioVersion = 17.9.34616.47
MinimumVisualStudioVersion = 10.0.40219.1
Project("{9A19103F-16F7-4668-BE54-9A1E7A4F7556}") = "TournamentFighter", "TournamentFighter.csproj", "{A7E1D574-DCAF-4361-AB5D-C8801194BCD1}"
EndProject
Global
	GlobalSection(SolutionConfigurationPlatforms) = preSolution
		Debug|Any CPU = Debug|Any CPU
		Release|Any CPU = Release|Any CPU
	EndGlobalSection
	GlobalSection(ProjectConfigurationPlatforms) = postSolution
		{A7E1D574-DCAF-4361-AB5D-C8801194BCD1}.Debug|Any CPU.ActiveCfg = Debug|Any CPU
		{A7E1D574-DCAF-4361-AB5D-C8801194BCD1}.Debug|Any CPU.Build.0 = Debug|Any CPU
		{A7E1D574-DCAF-4361-AB5D-C8801194BCD1}.Release|Any CPU.ActiveCfg = Release|Any CPU
		{A7E1D574-DCAF-4361-AB5D-C8801194BCD1}.Release|Any CPU.Build.0 = Release|Any CPU
	EndGlobalSection
	GlobalSection(SolutionProperties) = preSolution
		HideSolutionNode = FALSE
	EndGlobalSection
	GlobalSection(ExtensibilityGlobals) = postSolution
		SolutionGuid = {C299C3A6-B32E-4A05-B68C-EC8C38FC2430}
	EndGlobalSection
EndGlobal
